
Microsoft Visual Studio Solution File, Format Version 12.00
# Visual Studio Version 16
VisualStudioVersion = 16.0.32106.194
MinimumVisualStudioVersion = 10.0.40219.1
Project("{FAE04EC0-301F-11D3-BF4B-00C04F79EFBC}") = "veDienTu", "veDienTu\veDienTu.csproj", "{FD13FBD6-4846-4D71-93EA-E4FDEC3787AA}"
EndProject
Global
	GlobalSection(SolutionConfigurationPlatforms) = preSolution
		Debug|Any CPU = Debug|Any CPU
		Release|Any CPU = Release|Any CPU
	EndGlobalSection
	GlobalSection(ProjectConfigurationPlatforms) = postSolution
		{FD13FBD6-4846-4D71-93EA-E4FDEC3787AA}.Debug|Any CPU.ActiveCfg = Debug|Any CPU
		{FD13FBD6-4846-4D71-93EA-E4FDEC3787AA}.Debug|Any CPU.Build.0 = Debug|Any CPU
		{FD13FBD6-4846-4D71-93EA-E4FDEC3787AA}.Release|Any CPU.ActiveCfg = Release|Any CPU
		{FD13FBD6-4846-4D71-93EA-E4FDEC3787AA}.Release|Any CPU.Build.0 = Release|Any CPU
	EndGlobalSection
	GlobalSection(SolutionProperties) = preSolution
		HideSolutionNode = FALSE
	EndGlobalSection
	GlobalSection(ExtensibilityGlobals) = postSolution
		SolutionGuid = {84735349-9EB8-439B-BCD8-0097630C48C2}
	EndGlobalSection
EndGlobal
